
Microsoft Visual Studio Solution File, Format Version 12.00
# Visual Studio 14
VisualStudioVersion = 14.0.23107.0
MinimumVisualStudioVersion = 10.0.40219.1
Project("{FAE04EC0-301F-11D3-BF4B-00C04F79EFBC}") = "MCPlib", "MCPlib\MCPlib.csproj", "{13C144B3-D39F-4FDA-8F0E-912A90A22551}"
EndProject
Global
	GlobalSection(SolutionConfigurationPlatforms) = preSolution
		Debug|Any CPU = Debug|Any CPU
		Release|Any CPU = Release|Any CPU
	EndGlobalSection
	GlobalSection(ProjectConfigurationPlatforms) = postSolution
		{13C144B3-D39F-4FDA-8F0E-912A90A22551}.Debug|Any CPU.ActiveCfg = Debug|Any CPU
		{13C144B3-D39F-4FDA-8F0E-912A90A22551}.Debug|Any CPU.Build.0 = Debug|Any CPU
		{13C144B3-D39F-4FDA-8F0E-912A90A22551}.Release|Any CPU.ActiveCfg = Release|Any CPU
		{13C144B3-D39F-4FDA-8F0E-912A90A22551}.Release|Any CPU.Build.0 = Release|Any CPU
	EndGlobalSection
	GlobalSection(SolutionProperties) = preSolution
		HideSolutionNode = FALSE
	EndGlobalSection
EndGlobal
